
Microsoft Visual Studio Solution File, Format Version 12.00
# Visual Studio Version 16
VisualStudioVersion = 16.0.30717.126
MinimumVisualStudioVersion = 10.0.40219.1
Project("{9A19103F-16F7-4668-BE54-9A1E7A4F7556}") = "Business", "Business\Business.csproj", "{970A0513-5684-4232-A2FE-955EC3961AFD}"
EndProject
Project("{9A19103F-16F7-4668-BE54-9A1E7A4F7556}") = "DataAccess", "MyDataAccess\DataAccess.csproj", "{98FCA5A3-F0CD-4FA3-8FC8-6CDEA4AA5F45}"
EndProject
Project("{9A19103F-16F7-4668-BE54-9A1E7A4F7556}") = "Entities", "Entities\Entities.csproj", "{D905A162-BDA2-4023-A530-57D82A728BE4}"
EndProject
Project("{9A19103F-16F7-4668-BE54-9A1E7A4F7556}") = "ConsoleUI(UserInterface)", "ConsoleUI\ConsoleUI(UserInterface).csproj", "{0A21B743-43F7-4477-8AB1-0701133D7E08}"
EndProject
Project("{FAE04EC0-301F-11D3-BF4B-00C04F79EFBC}") = "Core", "Core\Core.csproj", "{4CF31C4E-30C4-4966-B77E-ADA49A12B18F}"
EndProject
Global
	GlobalSection(SolutionConfigurationPlatforms) = preSolution
		Debug|Any CPU = Debug|Any CPU
		Release|Any CPU = Release|Any CPU
	EndGlobalSection
	GlobalSection(ProjectConfigurationPlatforms) = postSolution
		{970A0513-5684-4232-A2FE-955EC3961AFD}.Debug|Any CPU.ActiveCfg = Debug|Any CPU
		{970A0513-5684-4232-A2FE-955EC3961AFD}.Debug|Any CPU.Build.0 = Debug|Any CPU
		{970A0513-5684-4232-A2FE-955EC3961AFD}.Release|Any CPU.ActiveCfg = Release|Any CPU
		{970A0513-5684-4232-A2FE-955EC3961AFD}.Release|Any CPU.Build.0 = Release|Any CPU
		{98FCA5A3-F0CD-4FA3-8FC8-6CDEA4AA5F45}.Debug|Any CPU.ActiveCfg = Debug|Any CPU
		{98FCA5A3-F0CD-4FA3-8FC8-6CDEA4AA5F45}.Debug|Any CPU.Build.0 = Debug|Any CPU
		{98FCA5A3-F0CD-4FA3-8FC8-6CDEA4AA5F45}.Release|Any CPU.ActiveCfg = Release|Any CPU
		{98FCA5A3-F0CD-4FA3-8FC8-6CDEA4AA5F45}.Release|Any CPU.Build.0 = Release|Any CPU
		{D905A162-BDA2-4023-A530-57D82A728BE4}.Debug|Any CPU.ActiveCfg = Debug|Any CPU
		{D905A162-BDA2-4023-A530-57D82A728BE4}.Debug|Any CPU.Build.0 = Debug|Any CPU
		{D905A162-BDA2-4023-A530-57D82A728BE4}.Release|Any CPU.ActiveCfg = Release|Any CPU
		{D905A162-BDA2-4023-A530-57D82A728BE4}.Release|Any CPU.Build.0 = Release|Any CPU
		{0A21B743-43F7-4477-8AB1-0701133D7E08}.Debug|Any CPU.ActiveCfg = Debug|Any CPU
		{0A21B743-43F7-4477-8AB1-0701133D7E08}.Debug|Any CPU.Build.0 = Debug|Any CPU
		{0A21B743-43F7-4477-8AB1-0701133D7E08}.Release|Any CPU.ActiveCfg = Release|Any CPU
		{0A21B743-43F7-4477-8AB1-0701133D7E08}.Release|Any CPU.Build.0 = Release|Any CPU
		{4CF31C4E-30C4-4966-B77E-ADA49A12B18F}.Debug|Any CPU.ActiveCfg = Debug|Any CPU
		{4CF31C4E-30C4-4966-B77E-ADA49A12B18F}.Debug|Any CPU.Build.0 = Debug|Any CPU
		{4CF31C4E-30C4-4966-B77E-ADA49A12B18F}.Release|Any CPU.ActiveCfg = Release|Any CPU
		{4CF31C4E-30C4-4966-B77E-ADA49A12B18F}.Release|Any CPU.Build.0 = Release|Any CPU
	EndGlobalSection
	GlobalSection(SolutionProperties) = preSolution
		HideSolutionNode = FALSE
	EndGlobalSection
	GlobalSection(ExtensibilityGlobals) = postSolution
		SolutionGuid = {52F274DB-D353-4381-9DA4-208C32435F7A}
	EndGlobalSection
EndGlobal
